
Microsoft Visual Studio Solution File, Format Version 12.00
# Visual Studio Version 16
VisualStudioVersion = 16.0.30128.74
MinimumVisualStudioVersion = 10.0.40219.1
Project("{9A19103F-16F7-4668-BE54-9A1E7A4F7556}") = "Core.Persistance", "Core.Persistance\Core.Persistance.csproj", "{BBD169A4-9483-45DA-9C63-085AE0AF00EE}"
EndProject
Project("{9A19103F-16F7-4668-BE54-9A1E7A4F7556}") = "GT.Data.Controller", "GT.Data.Controller\GT.Data.Controller.csproj", "{A5D39245-5DF1-472D-9C66-BD9F2FA9DD51}"
EndProject
Project("{9A19103F-16F7-4668-BE54-9A1E7A4F7556}") = "GT.Persistance.Domain.infinity", "GT.Persistance.Domain.infinity\GT.Persistance.Domain.infinity.csproj", "{3AF46581-8FF6-4854-BC22-C0A6B97C81E0}"
EndProject
Project("{9A19103F-16F7-4668-BE54-9A1E7A4F7556}") = "GT.Persistance.infinity", "GT.Persistance.infinity\GT.Persistance.infinity.csproj", "{211F1FF7-7F9A-4255-9ADA-C19094890FE3}"
EndProject
Project("{2150E333-8FDC-42A3-9474-1A3956D46DE8}") = "Core", "Core", "{4FC91B8C-1699-42BE-BFB2-51CEFF55C54D}"
EndProject
Project("{9A19103F-16F7-4668-BE54-9A1E7A4F7556}") = "GT.DataService.infinity", "GT.DataService.infinity\GT.DataService.infinity.csproj", "{58887C6F-7792-4265-B59A-80E875D709E6}"
EndProject
Project("{9A19103F-16F7-4668-BE54-9A1E7A4F7556}") = "GT.Repository.infinity", "GT.Repository.infinity\GT.Repository.infinity.csproj", "{6C4EC830-73B5-4720-BC6C-3F4C7843A5E1}"
EndProject
Project("{2150E333-8FDC-42A3-9474-1A3956D46DE8}") = "Util", "Util", "{044E0022-87BC-4706-A6EE-D02AA0EC7831}"
EndProject
Project("{FAE04EC0-301F-11D3-BF4B-00C04F79EFBC}") = "Util.Expression", "Util.Expression\Util.Expression.csproj", "{84EC8821-3BD3-419B-A578-6E3FF7C0CA65}"
EndProject
Project("{FAE04EC0-301F-11D3-BF4B-00C04F79EFBC}") = "Util.Grid", "Util.Grid\Util.Grid.csproj", "{3908C804-B44D-4A62-B62F-40F1C66CFF1E}"
EndProject
Project("{FAE04EC0-301F-11D3-BF4B-00C04F79EFBC}") = "Util.Email", "Util.Email\Util.Email.csproj", "{E1A3E21F-270F-4DA9-BF26-B24072382078}"
EndProject
Project("{FAE04EC0-301F-11D3-BF4B-00C04F79EFBC}") = "Util.Security", "Util.Security\Util.Security.csproj", "{9578EFEE-757F-4CF0-AA13-7DE56C999EF7}"
EndProject
Project("{FAE04EC0-301F-11D3-BF4B-00C04F79EFBC}") = "Util.Extensions", "Util.Extensions\Util.Extensions.csproj", "{7A7B34D2-82BB-4A23-8F60-AF0C2532C6B0}"
EndProject
Project("{FAE04EC0-301F-11D3-BF4B-00C04F79EFBC}") = "Util.Reflection", "Util.Reflection\Util.Reflection.csproj", "{FDF072D3-EF88-4351-B611-0A0C7236BB60}"
EndProject
Project("{9A19103F-16F7-4668-BE54-9A1E7A4F7556}") = "GT.DataService", "GT.DataService\GT.DataService.csproj", "{334F2BAC-D89F-46F2-9F4D-FB4FC9AF65C9}"
EndProject
Project("{2150E333-8FDC-42A3-9474-1A3956D46DE8}") = "Data", "Data", "{3BF526A6-87BF-45B8-8510-F86771C94818}"
EndProject
Project("{2150E333-8FDC-42A3-9474-1A3956D46DE8}") = "GT", "GT", "{E75E2B80-48CA-46BB-9187-CC19438FCC0A}"
EndProject
Project("{2150E333-8FDC-42A3-9474-1A3956D46DE8}") = "Infinity", "Infinity", "{F4BC99F3-06B8-4326-90D1-BC24CCA21EB7}"
EndProject
Project("{9A19103F-16F7-4668-BE54-9A1E7A4F7556}") = "GT.Persistance.Domain", "GT.Persistance.Domain\GT.Persistance.Domain.csproj", "{B2376B9E-6594-4C33-94A7-D3CF9B206EF5}"
EndProject
Project("{9A19103F-16F7-4668-BE54-9A1E7A4F7556}") = "GT.Persistance", "GT.Persistance\GT.Persistance.csproj", "{3DD09D31-3E2A-4936-BBD0-555172287B9A}"
EndProject
Project("{9A19103F-16F7-4668-BE54-9A1E7A4F7556}") = "GT.Repository", "GT.Repository\GT.Repository.csproj", "{36F023C6-2EB6-4DAE-BB95-C5E4794558E7}"
EndProject
Project("{2150E333-8FDC-42A3-9474-1A3956D46DE8}") = "STM", "STM", "{C0194DD2-A97C-41C9-91AA-5343A3B4122E}"
EndProject
Project("{9A19103F-16F7-4668-BE54-9A1E7A4F7556}") = "STM.Service", "STM.Service\STM.Service.csproj", "{AC3E9EE6-53E3-473B-A776-33C5E92747F8}"
EndProject
Project("{2150E333-8FDC-42A3-9474-1A3956D46DE8}") = "UI", "UI", "{34955B68-9D8E-4235-9599-92CCE652E8EA}"
EndProject
Project("{9A19103F-16F7-4668-BE54-9A1E7A4F7556}") = "GT.UI.WebApi", "GT.UI.WebApi\GT.UI.WebApi.csproj", "{286211BB-AE8B-4F78-9A59-0A722248715D}"
EndProject
Project("{9A19103F-16F7-4668-BE54-9A1E7A4F7556}") = "STM.Service.Test", "STM.Service.Test\STM.Service.Test.csproj", "{4EA3523A-6E9D-46D1-BE16-6F5E5DD0018D}"
EndProject
Project("{9A19103F-16F7-4668-BE54-9A1E7A4F7556}") = "Gt.Data.Test", "Gt.Data.Test\Gt.Data.Test.csproj", "{38F067BE-C2D9-4917-A46A-93CD1679BE51}"
EndProject
Project("{9A19103F-16F7-4668-BE54-9A1E7A4F7556}") = "GT.Util.Test", "GT.Util.Test\GT.Util.Test.csproj", "{8BE2AF44-9B45-4233-B274-D5F4FBA9BF7E}"
EndProject
Project("{2150E333-8FDC-42A3-9474-1A3956D46DE8}") = "BAL", "BAL", "{B0CA09E7-2661-477F-9AE8-CF90937CBBBD}"
EndProject
Project("{9A19103F-16F7-4668-BE54-9A1E7A4F7556}") = "Util.Job", "Util.Job\Util.Job.csproj", "{DF28E4B1-E604-4070-83AA-419A58E6E9CD}"
EndProject
Project("{9A19103F-16F7-4668-BE54-9A1E7A4F7556}") = "GT.Data.Models", "GT.Data.Models\GT.Data.Models.csproj", "{7140C0BE-5F70-47D2-AE23-8FC83A22C769}"
EndProject
Project("{9A19103F-16F7-4668-BE54-9A1E7A4F7556}") = "App.Data.Service", "App.Data.Service\App.Data.Service.csproj", "{5E833F44-C130-4EC8-9DE4-488CCADAF87E}"
EndProject
Project("{2150E333-8FDC-42A3-9474-1A3956D46DE8}") = "JOB", "JOB", "{0BBEF847-A4BA-4FB7-A7E4-2BCC08A9B2D7}"
EndProject
Project("{9A19103F-16F7-4668-BE54-9A1E7A4F7556}") = "GT.BAL.Infinity.DataSynronizer", "GT.BAL.Infinity.DataSynronizer\GT.BAL.Infinity.DataSynronizer.csproj", "{47770C96-9FED-4BDF-9339-B4EB7CFEAEA5}"
EndProject
Project("{9A19103F-16F7-4668-BE54-9A1E7A4F7556}") = "GT.Job", "GT.Job\GT.Job.csproj", "{2123E28D-4B93-423A-BADE-B470154C7876}"
EndProject
Global
	GlobalSection(SolutionConfigurationPlatforms) = preSolution
		Debug|Any CPU = Debug|Any CPU
		Release|Any CPU = Release|Any CPU
	EndGlobalSection
	GlobalSection(ProjectConfigurationPlatforms) = postSolution
		{BBD169A4-9483-45DA-9C63-085AE0AF00EE}.Debug|Any CPU.ActiveCfg = Debug|Any CPU
		{BBD169A4-9483-45DA-9C63-085AE0AF00EE}.Debug|Any CPU.Build.0 = Debug|Any CPU
		{BBD169A4-9483-45DA-9C63-085AE0AF00EE}.Release|Any CPU.ActiveCfg = Release|Any CPU
		{BBD169A4-9483-45DA-9C63-085AE0AF00EE}.Release|Any CPU.Build.0 = Release|Any CPU
		{A5D39245-5DF1-472D-9C66-BD9F2FA9DD51}.Debug|Any CPU.ActiveCfg = Debug|Any CPU
		{A5D39245-5DF1-472D-9C66-BD9F2FA9DD51}.Debug|Any CPU.Build.0 = Debug|Any CPU
		{A5D39245-5DF1-472D-9C66-BD9F2FA9DD51}.Release|Any CPU.ActiveCfg = Release|Any CPU
		{A5D39245-5DF1-472D-9C66-BD9F2FA9DD51}.Release|Any CPU.Build.0 = Release|Any CPU
		{3AF46581-8FF6-4854-BC22-C0A6B97C81E0}.Debug|Any CPU.ActiveCfg = Debug|Any CPU
		{3AF46581-8FF6-4854-BC22-C0A6B97C81E0}.Debug|Any CPU.Build.0 = Debug|Any CPU
		{3AF46581-8FF6-4854-BC22-C0A6B97C81E0}.Release|Any CPU.ActiveCfg = Release|Any CPU
		{3AF46581-8FF6-4854-BC22-C0A6B97C81E0}.Release|Any CPU.Build.0 = Release|Any CPU
		{211F1FF7-7F9A-4255-9ADA-C19094890FE3}.Debug|Any CPU.ActiveCfg = Debug|Any CPU
		{211F1FF7-7F9A-4255-9ADA-C19094890FE3}.Debug|Any CPU.Build.0 = Debug|Any CPU
		{211F1FF7-7F9A-4255-9ADA-C19094890FE3}.Release|Any CPU.ActiveCfg = Release|Any CPU
		{211F1FF7-7F9A-4255-9ADA-C19094890FE3}.Release|Any CPU.Build.0 = Release|Any CPU
		{58887C6F-7792-4265-B59A-80E875D709E6}.Debug|Any CPU.ActiveCfg = Debug|Any CPU
		{58887C6F-7792-4265-B59A-80E875D709E6}.Debug|Any CPU.Build.0 = Debug|Any CPU
		{58887C6F-7792-4265-B59A-80E875D709E6}.Release|Any CPU.ActiveCfg = Release|Any CPU
		{58887C6F-7792-4265-B59A-80E875D709E6}.Release|Any CPU.Build.0 = Release|Any CPU
		{6C4EC830-73B5-4720-BC6C-3F4C7843A5E1}.Debug|Any CPU.ActiveCfg = Debug|Any CPU
		{6C4EC830-73B5-4720-BC6C-3F4C7843A5E1}.Debug|Any CPU.Build.0 = Debug|Any CPU
		{6C4EC830-73B5-4720-BC6C-3F4C7843A5E1}.Release|Any CPU.ActiveCfg = Release|Any CPU
		{6C4EC830-73B5-4720-BC6C-3F4C7843A5E1}.Release|Any CPU.Build.0 = Release|Any CPU
		{84EC8821-3BD3-419B-A578-6E3FF7C0CA65}.Debug|Any CPU.ActiveCfg = Debug|Any CPU
		{84EC8821-3BD3-419B-A578-6E3FF7C0CA65}.Debug|Any CPU.Build.0 = Debug|Any CPU
		{84EC8821-3BD3-419B-A578-6E3FF7C0CA65}.Release|Any CPU.ActiveCfg = Release|Any CPU
		{84EC8821-3BD3-419B-A578-6E3FF7C0CA65}.Release|Any CPU.Build.0 = Release|Any CPU
		{3908C804-B44D-4A62-B62F-40F1C66CFF1E}.Debug|Any CPU.ActiveCfg = Debug|Any CPU
		{3908C804-B44D-4A62-B62F-40F1C66CFF1E}.Debug|Any CPU.Build.0 = Debug|Any CPU
		{3908C804-B44D-4A62-B62F-40F1C66CFF1E}.Release|Any CPU.ActiveCfg = Release|Any CPU
		{3908C804-B44D-4A62-B62F-40F1C66CFF1E}.Release|Any CPU.Build.0 = Release|Any CPU
		{E1A3E21F-270F-4DA9-BF26-B24072382078}.Debug|Any CPU.ActiveCfg = Debug|Any CPU
		{E1A3E21F-270F-4DA9-BF26-B24072382078}.Debug|Any CPU.Build.0 = Debug|Any CPU
		{E1A3E21F-270F-4DA9-BF26-B24072382078}.Release|Any CPU.ActiveCfg = Release|Any CPU
		{E1A3E21F-270F-4DA9-BF26-B24072382078}.Release|Any CPU.Build.0 = Release|Any CPU
		{9578EFEE-757F-4CF0-AA13-7DE56C999EF7}.Debug|Any CPU.ActiveCfg = Debug|Any CPU
		{9578EFEE-757F-4CF0-AA13-7DE56C999EF7}.Debug|Any CPU.Build.0 = Debug|Any CPU
		{9578EFEE-757F-4CF0-AA13-7DE56C999EF7}.Release|Any CPU.ActiveCfg = Release|Any CPU
		{9578EFEE-757F-4CF0-AA13-7DE56C999EF7}.Release|Any CPU.Build.0 = Release|Any CPU
		{7A7B34D2-82BB-4A23-8F60-AF0C2532C6B0}.Debug|Any CPU.ActiveCfg = Debug|Any CPU
		{7A7B34D2-82BB-4A23-8F60-AF0C2532C6B0}.Debug|Any CPU.Build.0 = Debug|Any CPU
		{7A7B34D2-82BB-4A23-8F60-AF0C2532C6B0}.Release|Any CPU.ActiveCfg = Release|Any CPU
		{7A7B34D2-82BB-4A23-8F60-AF0C2532C6B0}.Release|Any CPU.Build.0 = Release|Any CPU
		{FDF072D3-EF88-4351-B611-0A0C7236BB60}.Debug|Any CPU.ActiveCfg = Debug|Any CPU
		{FDF072D3-EF88-4351-B611-0A0C7236BB60}.Debug|Any CPU.Build.0 = Debug|Any CPU
		{FDF072D3-EF88-4351-B611-0A0C7236BB60}.Release|Any CPU.ActiveCfg = Release|Any CPU
		{FDF072D3-EF88-4351-B611-0A0C7236BB60}.Release|Any CPU.Build.0 = Release|Any CPU
		{334F2BAC-D89F-46F2-9F4D-FB4FC9AF65C9}.Debug|Any CPU.ActiveCfg = Debug|Any CPU
		{334F2BAC-D89F-46F2-9F4D-FB4FC9AF65C9}.Debug|Any CPU.Build.0 = Debug|Any CPU
		{334F2BAC-D89F-46F2-9F4D-FB4FC9AF65C9}.Release|Any CPU.ActiveCfg = Release|Any CPU
		{334F2BAC-D89F-46F2-9F4D-FB4FC9AF65C9}.Release|Any CPU.Build.0 = Release|Any CPU
		{B2376B9E-6594-4C33-94A7-D3CF9B206EF5}.Debug|Any CPU.ActiveCfg = Debug|Any CPU
		{B2376B9E-6594-4C33-94A7-D3CF9B206EF5}.Debug|Any CPU.Build.0 = Debug|Any CPU
		{B2376B9E-6594-4C33-94A7-D3CF9B206EF5}.Release|Any CPU.ActiveCfg = Release|Any CPU
		{B2376B9E-6594-4C33-94A7-D3CF9B206EF5}.Release|Any CPU.Build.0 = Release|Any CPU
		{3DD09D31-3E2A-4936-BBD0-555172287B9A}.Debug|Any CPU.ActiveCfg = Debug|Any CPU
		{3DD09D31-3E2A-4936-BBD0-555172287B9A}.Debug|Any CPU.Build.0 = Debug|Any CPU
		{3DD09D31-3E2A-4936-BBD0-555172287B9A}.Release|Any CPU.ActiveCfg = Release|Any CPU
		{3DD09D31-3E2A-4936-BBD0-555172287B9A}.Release|Any CPU.Build.0 = Release|Any CPU
		{36F023C6-2EB6-4DAE-BB95-C5E4794558E7}.Debug|Any CPU.ActiveCfg = Debug|Any CPU
		{36F023C6-2EB6-4DAE-BB95-C5E4794558E7}.Debug|Any CPU.Build.0 = Debug|Any CPU
		{36F023C6-2EB6-4DAE-BB95-C5E4794558E7}.Release|Any CPU.ActiveCfg = Release|Any CPU
		{36F023C6-2EB6-4DAE-BB95-C5E4794558E7}.Release|Any CPU.Build.0 = Release|Any CPU
		{AC3E9EE6-53E3-473B-A776-33C5E92747F8}.Debug|Any CPU.ActiveCfg = Debug|Any CPU
		{AC3E9EE6-53E3-473B-A776-33C5E92747F8}.Debug|Any CPU.Build.0 = Debug|Any CPU
		{AC3E9EE6-53E3-473B-A776-33C5E92747F8}.Release|Any CPU.ActiveCfg = Release|Any CPU
		{AC3E9EE6-53E3-473B-A776-33C5E92747F8}.Release|Any CPU.Build.0 = Release|Any CPU
		{286211BB-AE8B-4F78-9A59-0A722248715D}.Debug|Any CPU.ActiveCfg = Debug|Any CPU
		{286211BB-AE8B-4F78-9A59-0A722248715D}.Debug|Any CPU.Build.0 = Debug|Any CPU
		{286211BB-AE8B-4F78-9A59-0A722248715D}.Release|Any CPU.ActiveCfg = Release|Any CPU
		{286211BB-AE8B-4F78-9A59-0A722248715D}.Release|Any CPU.Build.0 = Release|Any CPU
		{4EA3523A-6E9D-46D1-BE16-6F5E5DD0018D}.Debug|Any CPU.ActiveCfg = Debug|Any CPU
		{4EA3523A-6E9D-46D1-BE16-6F5E5DD0018D}.Debug|Any CPU.Build.0 = Debug|Any CPU
		{4EA3523A-6E9D-46D1-BE16-6F5E5DD0018D}.Release|Any CPU.ActiveCfg = Release|Any CPU
		{4EA3523A-6E9D-46D1-BE16-6F5E5DD0018D}.Release|Any CPU.Build.0 = Release|Any CPU
		{38F067BE-C2D9-4917-A46A-93CD1679BE51}.Debug|Any CPU.ActiveCfg = Debug|Any CPU
		{38F067BE-C2D9-4917-A46A-93CD1679BE51}.Debug|Any CPU.Build.0 = Debug|Any CPU
		{38F067BE-C2D9-4917-A46A-93CD1679BE51}.Release|Any CPU.ActiveCfg = Release|Any CPU
		{38F067BE-C2D9-4917-A46A-93CD1679BE51}.Release|Any CPU.Build.0 = Release|Any CPU
		{8BE2AF44-9B45-4233-B274-D5F4FBA9BF7E}.Debug|Any CPU.ActiveCfg = Debug|Any CPU
		{8BE2AF44-9B45-4233-B274-D5F4FBA9BF7E}.Debug|Any CPU.Build.0 = Debug|Any CPU
		{8BE2AF44-9B45-4233-B274-D5F4FBA9BF7E}.Release|Any CPU.ActiveCfg = Release|Any CPU
		{8BE2AF44-9B45-4233-B274-D5F4FBA9BF7E}.Release|Any CPU.Build.0 = Release|Any CPU
		{DF28E4B1-E604-4070-83AA-419A58E6E9CD}.Debug|Any CPU.ActiveCfg = Debug|Any CPU
		{DF28E4B1-E604-4070-83AA-419A58E6E9CD}.Debug|Any CPU.Build.0 = Debug|Any CPU
		{DF28E4B1-E604-4070-83AA-419A58E6E9CD}.Release|Any CPU.ActiveCfg = Release|Any CPU
		{DF28E4B1-E604-4070-83AA-419A58E6E9CD}.Release|Any CPU.Build.0 = Release|Any CPU
		{7140C0BE-5F70-47D2-AE23-8FC83A22C769}.Debug|Any CPU.ActiveCfg = Debug|Any CPU
		{7140C0BE-5F70-47D2-AE23-8FC83A22C769}.Debug|Any CPU.Build.0 = Debug|Any CPU
		{7140C0BE-5F70-47D2-AE23-8FC83A22C769}.Release|Any CPU.ActiveCfg = Release|Any CPU
		{7140C0BE-5F70-47D2-AE23-8FC83A22C769}.Release|Any CPU.Build.0 = Release|Any CPU
		{5E833F44-C130-4EC8-9DE4-488CCADAF87E}.Debug|Any CPU.ActiveCfg = Debug|Any CPU
		{5E833F44-C130-4EC8-9DE4-488CCADAF87E}.Debug|Any CPU.Build.0 = Debug|Any CPU
		{5E833F44-C130-4EC8-9DE4-488CCADAF87E}.Release|Any CPU.ActiveCfg = Release|Any CPU
		{5E833F44-C130-4EC8-9DE4-488CCADAF87E}.Release|Any CPU.Build.0 = Release|Any CPU
		{47770C96-9FED-4BDF-9339-B4EB7CFEAEA5}.Debug|Any CPU.ActiveCfg = Debug|Any CPU
		{47770C96-9FED-4BDF-9339-B4EB7CFEAEA5}.Debug|Any CPU.Build.0 = Debug|Any CPU
		{47770C96-9FED-4BDF-9339-B4EB7CFEAEA5}.Release|Any CPU.ActiveCfg = Release|Any CPU
		{47770C96-9FED-4BDF-9339-B4EB7CFEAEA5}.Release|Any CPU.Build.0 = Release|Any CPU
		{2123E28D-4B93-423A-BADE-B470154C7876}.Debug|Any CPU.ActiveCfg = Debug|Any CPU
		{2123E28D-4B93-423A-BADE-B470154C7876}.Debug|Any CPU.Build.0 = Debug|Any CPU
		{2123E28D-4B93-423A-BADE-B470154C7876}.Release|Any CPU.ActiveCfg = Release|Any CPU
		{2123E28D-4B93-423A-BADE-B470154C7876}.Release|Any CPU.Build.0 = Release|Any CPU
	EndGlobalSection
	GlobalSection(SolutionProperties) = preSolution
		HideSolutionNode = FALSE
	EndGlobalSection
	GlobalSection(NestedProjects) = preSolution
		{BBD169A4-9483-45DA-9C63-085AE0AF00EE} = {4FC91B8C-1699-42BE-BFB2-51CEFF55C54D}
		{A5D39245-5DF1-472D-9C66-BD9F2FA9DD51} = {4FC91B8C-1699-42BE-BFB2-51CEFF55C54D}
		{3AF46581-8FF6-4854-BC22-C0A6B97C81E0} = {F4BC99F3-06B8-4326-90D1-BC24CCA21EB7}
		{211F1FF7-7F9A-4255-9ADA-C19094890FE3} = {F4BC99F3-06B8-4326-90D1-BC24CCA21EB7}
		{58887C6F-7792-4265-B59A-80E875D709E6} = {F4BC99F3-06B8-4326-90D1-BC24CCA21EB7}
		{6C4EC830-73B5-4720-BC6C-3F4C7843A5E1} = {F4BC99F3-06B8-4326-90D1-BC24CCA21EB7}
		{84EC8821-3BD3-419B-A578-6E3FF7C0CA65} = {044E0022-87BC-4706-A6EE-D02AA0EC7831}
		{3908C804-B44D-4A62-B62F-40F1C66CFF1E} = {044E0022-87BC-4706-A6EE-D02AA0EC7831}
		{E1A3E21F-270F-4DA9-BF26-B24072382078} = {044E0022-87BC-4706-A6EE-D02AA0EC7831}
		{9578EFEE-757F-4CF0-AA13-7DE56C999EF7} = {044E0022-87BC-4706-A6EE-D02AA0EC7831}
		{7A7B34D2-82BB-4A23-8F60-AF0C2532C6B0} = {044E0022-87BC-4706-A6EE-D02AA0EC7831}
		{FDF072D3-EF88-4351-B611-0A0C7236BB60} = {044E0022-87BC-4706-A6EE-D02AA0EC7831}
		{334F2BAC-D89F-46F2-9F4D-FB4FC9AF65C9} = {E75E2B80-48CA-46BB-9187-CC19438FCC0A}
		{E75E2B80-48CA-46BB-9187-CC19438FCC0A} = {3BF526A6-87BF-45B8-8510-F86771C94818}
		{F4BC99F3-06B8-4326-90D1-BC24CCA21EB7} = {3BF526A6-87BF-45B8-8510-F86771C94818}
		{B2376B9E-6594-4C33-94A7-D3CF9B206EF5} = {E75E2B80-48CA-46BB-9187-CC19438FCC0A}
		{3DD09D31-3E2A-4936-BBD0-555172287B9A} = {E75E2B80-48CA-46BB-9187-CC19438FCC0A}
		{36F023C6-2EB6-4DAE-BB95-C5E4794558E7} = {E75E2B80-48CA-46BB-9187-CC19438FCC0A}
		{AC3E9EE6-53E3-473B-A776-33C5E92747F8} = {C0194DD2-A97C-41C9-91AA-5343A3B4122E}
		{286211BB-AE8B-4F78-9A59-0A722248715D} = {34955B68-9D8E-4235-9599-92CCE652E8EA}
		{4EA3523A-6E9D-46D1-BE16-6F5E5DD0018D} = {C0194DD2-A97C-41C9-91AA-5343A3B4122E}
		{38F067BE-C2D9-4917-A46A-93CD1679BE51} = {3BF526A6-87BF-45B8-8510-F86771C94818}
		{8BE2AF44-9B45-4233-B274-D5F4FBA9BF7E} = {044E0022-87BC-4706-A6EE-D02AA0EC7831}
		{DF28E4B1-E604-4070-83AA-419A58E6E9CD} = {044E0022-87BC-4706-A6EE-D02AA0EC7831}
		{7140C0BE-5F70-47D2-AE23-8FC83A22C769} = {4FC91B8C-1699-42BE-BFB2-51CEFF55C54D}
		{5E833F44-C130-4EC8-9DE4-488CCADAF87E} = {3BF526A6-87BF-45B8-8510-F86771C94818}
		{47770C96-9FED-4BDF-9339-B4EB7CFEAEA5} = {B0CA09E7-2661-477F-9AE8-CF90937CBBBD}
		{2123E28D-4B93-423A-BADE-B470154C7876} = {0BBEF847-A4BA-4FB7-A7E4-2BCC08A9B2D7}
	EndGlobalSection
	GlobalSection(ExtensibilityGlobals) = postSolution
		SolutionGuid = {5D25DACF-AFD1-40DA-B0A7-784A05C1D65D}
	EndGlobalSection
EndGlobal
